// !$*UTF8*$!
{
	archiveVersion = 1;
	classes = {
	};
	objectVersion = 50;
	objects = {

/* Begin PBXBuildFile section */
		90FA923020C667EE0096ED9D /* AppDelegate.m in Sources */ = {isa = PBXBuildFile; fileRef = 90FA922F20C667EE0096ED9D /* AppDelegate.m */; };
		90FA923320C667EE0096ED9D /* ViewController.m in Sources */ = {isa = PBXBuildFile; fileRef = 90FA923220C667EE0096ED9D /* ViewController.m */; };
		90FA923620C667EE0096ED9D /* Main.storyboard in Resources */ = {isa = PBXBuildFile; fileRef = 90FA923420C667EE0096ED9D /* Main.storyboard */; };
		90FA923820C667EE0096ED9D /* Assets.xcassets in Resources */ = {isa = PBXBuildFile; fileRef = 90FA923720C667EE0096ED9D /* Assets.xcassets */; };
		90FA923B20C667EE0096ED9D /* LaunchScreen.storyboard in Resources */ = {isa = PBXBuildFile; fileRef = 90FA923920C667EE0096ED9D /* LaunchScreen.storyboard */; };
		90FA923E20C667EE0096ED9D /* main.m in Sources */ = {isa = PBXBuildFile; fileRef = 90FA923D20C667EE0096ED9D /* main.m */; };
		90FA924920C66B370096ED9D /* EDOExporter.m in Sources */ = {isa = PBXBuildFile; fileRef = 90FA924820C66B370096ED9D /* EDOExporter.m */; };
		90FA924C20C66B790096ED9D /* NSObject+EDOObjectRef.m in Sources */ = {isa = PBXBuildFile; fileRef = 90FA924B20C66B790096ED9D /* NSObject+EDOObjectRef.m */; };
		90FA924F20C66D2F0096ED9D /* EDOExportable.m in Sources */ = {isa = PBXBuildFile; fileRef = 90FA924E20C66D2F0096ED9D /* EDOExportable.m */; };
		90FA925320C66F6B0096ED9D /* UIView+EDOExporting.m in Sources */ = {isa = PBXBuildFile; fileRef = 90FA925220C66F6B0096ED9D /* UIView+EDOExporting.m */; };
		90FA925620C693410096ED9D /* EDOStructValue.m in Sources */ = {isa = PBXBuildFile; fileRef = 90FA925520C693410096ED9D /* EDOStructValue.m */; };
		90FA925920C781700096ED9D /* EDOObjectTransfer.m in Sources */ = {isa = PBXBuildFile; fileRef = 90FA925820C781700096ED9D /* EDOObjectTransfer.m */; };
		90FA925C20C7E03A0096ED9D /* UIColor+EDOExporting.m in Sources */ = {isa = PBXBuildFile; fileRef = 90FA925B20C7E03A0096ED9D /* UIColor+EDOExporting.m */; };
		933BAA0EDCEAB8443DD783AD /* libPods-Endo-iOS.a in Frameworks */ = {isa = PBXBuildFile; fileRef = 3810BE98939004552148B5F7 /* libPods-Endo-iOS.a */; };
/* End PBXBuildFile section */

/* Begin PBXFileReference section */
		3810BE98939004552148B5F7 /* libPods-Endo-iOS.a */ = {isa = PBXFileReference; explicitFileType = archive.ar; includeInIndex = 0; path = "libPods-Endo-iOS.a"; sourceTree = BUILT_PRODUCTS_DIR; };
		4C5DB9959260C5C86CFD1D6B /* Pods-Endo-iOS.debug.xcconfig */ = {isa = PBXFileReference; includeInIndex = 1; lastKnownFileType = text.xcconfig; name = "Pods-Endo-iOS.debug.xcconfig"; path = "Pods/Target Support Files/Pods-Endo-iOS/Pods-Endo-iOS.debug.xcconfig"; sourceTree = "<group>"; };
		90FA922B20C667EE0096ED9D /* Endo-iOS.app */ = {isa = PBXFileReference; explicitFileType = wrapper.application; includeInIndex = 0; path = "Endo-iOS.app"; sourceTree = BUILT_PRODUCTS_DIR; };
		90FA922E20C667EE0096ED9D /* AppDelegate.h */ = {isa = PBXFileReference; lastKnownFileType = sourcecode.c.h; path = AppDelegate.h; sourceTree = "<group>"; };
		90FA922F20C667EE0096ED9D /* AppDelegate.m */ = {isa = PBXFileReference; lastKnownFileType = sourcecode.c.objc; path = AppDelegate.m; sourceTree = "<group>"; };
		90FA923120C667EE0096ED9D /* ViewController.h */ = {isa = PBXFileReference; lastKnownFileType = sourcecode.c.h; path = ViewController.h; sourceTree = "<group>"; };
		90FA923220C667EE0096ED9D /* ViewController.m */ = {isa = PBXFileReference; lastKnownFileType = sourcecode.c.objc; path = ViewController.m; sourceTree = "<group>"; };
		90FA923520C667EE0096ED9D /* Base */ = {isa = PBXFileReference; lastKnownFileType = file.storyboard; name = Base; path = Base.lproj/Main.storyboard; sourceTree = "<group>"; };
		90FA923720C667EE0096ED9D /* Assets.xcassets */ = {isa = PBXFileReference; lastKnownFileType = folder.assetcatalog; path = Assets.xcassets; sourceTree = "<group>"; };
		90FA923A20C667EE0096ED9D /* Base */ = {isa = PBXFileReference; lastKnownFileType = file.storyboard; name = Base; path = Base.lproj/LaunchScreen.storyboard; sourceTree = "<group>"; };
		90FA923C20C667EE0096ED9D /* Info.plist */ = {isa = PBXFileReference; lastKnownFileType = text.plist.xml; path = Info.plist; sourceTree = "<group>"; };
		90FA923D20C667EE0096ED9D /* main.m */ = {isa = PBXFileReference; lastKnownFileType = sourcecode.c.objc; path = main.m; sourceTree = "<group>"; };
		90FA924520C6693B0096ED9D /* EDOExporter.h */ = {isa = PBXFileReference; lastKnownFileType = sourcecode.c.h; path = EDOExporter.h; sourceTree = "<group>"; };
		90FA924820C66B370096ED9D /* EDOExporter.m */ = {isa = PBXFileReference; fileEncoding = 4; lastKnownFileType = sourcecode.c.objc; path = EDOExporter.m; sourceTree = "<group>"; };
		90FA924A20C66B790096ED9D /* NSObject+EDOObjectRef.h */ = {isa = PBXFileReference; lastKnownFileType = sourcecode.c.h; path = "NSObject+EDOObjectRef.h"; sourceTree = "<group>"; };
		90FA924B20C66B790096ED9D /* NSObject+EDOObjectRef.m */ = {isa = PBXFileReference; lastKnownFileType = sourcecode.c.objc; path = "NSObject+EDOObjectRef.m"; sourceTree = "<group>"; };
		90FA924D20C66D2F0096ED9D /* EDOExportable.h */ = {isa = PBXFileReference; lastKnownFileType = sourcecode.c.h; path = EDOExportable.h; sourceTree = "<group>"; };
		90FA924E20C66D2F0096ED9D /* EDOExportable.m */ = {isa = PBXFileReference; lastKnownFileType = sourcecode.c.objc; path = EDOExportable.m; sourceTree = "<group>"; };
		90FA925120C66F6B0096ED9D /* UIView+EDOExporting.h */ = {isa = PBXFileReference; lastKnownFileType = sourcecode.c.h; path = "UIView+EDOExporting.h"; sourceTree = "<group>"; };
		90FA925220C66F6B0096ED9D /* UIView+EDOExporting.m */ = {isa = PBXFileReference; lastKnownFileType = sourcecode.c.objc; path = "UIView+EDOExporting.m"; sourceTree = "<group>"; };
		90FA925420C693410096ED9D /* EDOStructValue.h */ = {isa = PBXFileReference; lastKnownFileType = sourcecode.c.h; path = EDOStructValue.h; sourceTree = "<group>"; };
		90FA925520C693410096ED9D /* EDOStructValue.m */ = {isa = PBXFileReference; lastKnownFileType = sourcecode.c.objc; path = EDOStructValue.m; sourceTree = "<group>"; };
		90FA925720C781700096ED9D /* EDOObjectTransfer.h */ = {isa = PBXFileReference; lastKnownFileType = sourcecode.c.h; path = EDOObjectTransfer.h; sourceTree = "<group>"; };
		90FA925820C781700096ED9D /* EDOObjectTransfer.m */ = {isa = PBXFileReference; lastKnownFileType = sourcecode.c.objc; path = EDOObjectTransfer.m; sourceTree = "<group>"; };
		90FA925A20C7E03A0096ED9D /* UIColor+EDOExporting.h */ = {isa = PBXFileReference; lastKnownFileType = sourcecode.c.h; path = "UIColor+EDOExporting.h"; sourceTree = "<group>"; };
		90FA925B20C7E03A0096ED9D /* UIColor+EDOExporting.m */ = {isa = PBXFileReference; lastKnownFileType = sourcecode.c.objc; path = "UIColor+EDOExporting.m"; sourceTree = "<group>"; };
		AFC0F9E0535ED204D738C45F /* Pods-Endo-iOS.release.xcconfig */ = {isa = PBXFileReference; includeInIndex = 1; lastKnownFileType = text.xcconfig; name = "Pods-Endo-iOS.release.xcconfig"; path = "Pods/Target Support Files/Pods-Endo-iOS/Pods-Endo-iOS.release.xcconfig"; sourceTree = "<group>"; };
/* End PBXFileReference section */

/* Begin PBXFrameworksBuildPhase section */
		90FA922820C667EE0096ED9D /* Frameworks */ = {
			isa = PBXFrameworksBuildPhase;
			buildActionMask = 2147483647;
			files = (
				933BAA0EDCEAB8443DD783AD /* libPods-Endo-iOS.a in Frameworks */,
			);
			runOnlyForDeploymentPostprocessing = 0;
		};
/* End PBXFrameworksBuildPhase section */

/* Begin PBXGroup section */
		1EAA54B85127CDC1EAC6E36E /* Pods */ = {
			isa = PBXGroup;
			children = (
				4C5DB9959260C5C86CFD1D6B /* Pods-Endo-iOS.debug.xcconfig */,
				AFC0F9E0535ED204D738C45F /* Pods-Endo-iOS.release.xcconfig */,
			);
			name = Pods;
			sourceTree = "<group>";
		};
		90FA922220C667EE0096ED9D = {
			isa = PBXGroup;
			children = (
				90FA924420C667FB0096ED9D /* Sources */,
				90FA922D20C667EE0096ED9D /* Endo-iOS */,
				90FA925020C66F480096ED9D /* Samples */,
				90FA922C20C667EE0096ED9D /* Products */,
				1EAA54B85127CDC1EAC6E36E /* Pods */,
				B802CC75CB5DF355AF330258 /* Frameworks */,
			);
			sourceTree = "<group>";
		};
		90FA922C20C667EE0096ED9D /* Products */ = {
			isa = PBXGroup;
			children = (
				90FA922B20C667EE0096ED9D /* Endo-iOS.app */,
			);
			name = Products;
			sourceTree = "<group>";
		};
		90FA922D20C667EE0096ED9D /* Endo-iOS */ = {
			isa = PBXGroup;
			children = (
				90FA922E20C667EE0096ED9D /* AppDelegate.h */,
				90FA922F20C667EE0096ED9D /* AppDelegate.m */,
				90FA923120C667EE0096ED9D /* ViewController.h */,
				90FA923220C667EE0096ED9D /* ViewController.m */,
				90FA923420C667EE0096ED9D /* Main.storyboard */,
				90FA923720C667EE0096ED9D /* Assets.xcassets */,
				90FA923920C667EE0096ED9D /* LaunchScreen.storyboard */,
				90FA923C20C667EE0096ED9D /* Info.plist */,
				90FA923D20C667EE0096ED9D /* main.m */,
			);
			path = "Endo-iOS";
			sourceTree = "<group>";
		};
		90FA924420C667FB0096ED9D /* Sources */ = {
			isa = PBXGroup;
			children = (
				90FA924520C6693B0096ED9D /* EDOExporter.h */,
				90FA924820C66B370096ED9D /* EDOExporter.m */,
				90FA924D20C66D2F0096ED9D /* EDOExportable.h */,
				90FA924E20C66D2F0096ED9D /* EDOExportable.m */,
				90FA925720C781700096ED9D /* EDOObjectTransfer.h */,
				90FA925820C781700096ED9D /* EDOObjectTransfer.m */,
				90FA925420C693410096ED9D /* EDOStructValue.h */,
				90FA925520C693410096ED9D /* EDOStructValue.m */,
				90FA924A20C66B790096ED9D /* NSObject+EDOObjectRef.h */,
				90FA924B20C66B790096ED9D /* NSObject+EDOObjectRef.m */,
			);
			path = Sources;
			sourceTree = "<group>";
		};
		90FA925020C66F480096ED9D /* Samples */ = {
			isa = PBXGroup;
			children = (
				90FA925120C66F6B0096ED9D /* UIView+EDOExporting.h */,
				90FA925220C66F6B0096ED9D /* UIView+EDOExporting.m */,
				90FA925A20C7E03A0096ED9D /* UIColor+EDOExporting.h */,
				90FA925B20C7E03A0096ED9D /* UIColor+EDOExporting.m */,
			);
			path = Samples;
			sourceTree = "<group>";
		};
		B802CC75CB5DF355AF330258 /* Frameworks */ = {
			isa = PBXGroup;
			children = (
				3810BE98939004552148B5F7 /* libPods-Endo-iOS.a */,
			);
			name = Frameworks;
			sourceTree = "<group>";
		};
/* End PBXGroup section */

/* Begin PBXNativeTarget section */
		90FA922A20C667EE0096ED9D /* Endo-iOS */ = {
			isa = PBXNativeTarget;
			buildConfigurationList = 90FA924120C667EE0096ED9D /* Build configuration list for PBXNativeTarget "Endo-iOS" */;
			buildPhases = (
				7BC875FDA4E2E9D55DFA4DCF /* [CP] Check Pods Manifest.lock */,
				90FA922720C667EE0096ED9D /* Sources */,
				90FA922820C667EE0096ED9D /* Frameworks */,
				90FA922920C667EE0096ED9D /* Resources */,
				25AB9F079B07FB7EAA7D8E66 /* [CP] Embed Pods Frameworks */,
				CE9A591B76F944066B7D42CE /* [CP] Copy Pods Resources */,
			);
			buildRules = (
			);
			dependencies = (
			);
			name = "Endo-iOS";
			productName = "Endo-iOS";
			productReference = 90FA922B20C667EE0096ED9D /* Endo-iOS.app */;
			productType = "com.apple.product-type.application";
		};
/* End PBXNativeTarget section */

/* Begin PBXProject section */
		90FA922320C667EE0096ED9D /* Project object */ = {
			isa = PBXProject;
			attributes = {
				LastUpgradeCheck = 0930;
				ORGANIZATIONNAME = "UED Center, YY Inc.";
				TargetAttributes = {
					90FA922A20C667EE0096ED9D = {
						CreatedOnToolsVersion = 9.3;
					};
				};
			};
			buildConfigurationList = 90FA922620C667EE0096ED9D /* Build configuration list for PBXProject "Endo-iOS" */;
			compatibilityVersion = "Xcode 9.3";
			developmentRegion = en;
			hasScannedForEncodings = 0;
			knownRegions = (
				en,
				Base,
			);
			mainGroup = 90FA922220C667EE0096ED9D;
			productRefGroup = 90FA922C20C667EE0096ED9D /* Products */;
			projectDirPath = "";
			projectRoot = "";
			targets = (
				90FA922A20C667EE0096ED9D /* Endo-iOS */,
			);
		};
/* End PBXProject section */

/* Begin PBXResourcesBuildPhase section */
		90FA922920C667EE0096ED9D /* Resources */ = {
			isa = PBXResourcesBuildPhase;
			buildActionMask = 2147483647;
			files = (
				90FA923B20C667EE0096ED9D /* LaunchScreen.storyboard in Resources */,
				90FA923820C667EE0096ED9D /* Assets.xcassets in Resources */,
				90FA923620C667EE0096ED9D /* Main.storyboard in Resources */,
			);
			runOnlyForDeploymentPostprocessing = 0;
		};
/* End PBXResourcesBuildPhase section */

/* Begin PBXShellScriptBuildPhase section */
		25AB9F079B07FB7EAA7D8E66 /* [CP] Embed Pods Frameworks */ = {
			isa = PBXShellScriptBuildPhase;
			buildActionMask = 2147483647;
			files = (
			);
			inputPaths = (
			);
			name = "[CP] Embed Pods Frameworks";
			outputPaths = (
			);
			runOnlyForDeploymentPostprocessing = 0;
			shellPath = /bin/sh;
			shellScript = "\"${SRCROOT}/Pods/Target Support Files/Pods-Endo-iOS/Pods-Endo-iOS-frameworks.sh\"\n";
			showEnvVarsInLog = 0;
		};
		7BC875FDA4E2E9D55DFA4DCF /* [CP] Check Pods Manifest.lock */ = {
			isa = PBXShellScriptBuildPhase;
			buildActionMask = 2147483647;
			files = (
			);
			inputPaths = (
				"${PODS_PODFILE_DIR_PATH}/Podfile.lock",
				"${PODS_ROOT}/Manifest.lock",
			);
			name = "[CP] Check Pods Manifest.lock";
			outputPaths = (
				"$(DERIVED_FILE_DIR)/Pods-Endo-iOS-checkManifestLockResult.txt",
			);
			runOnlyForDeploymentPostprocessing = 0;
			shellPath = /bin/sh;
			shellScript = "diff \"${PODS_PODFILE_DIR_PATH}/Podfile.lock\" \"${PODS_ROOT}/Manifest.lock\" > /dev/null\nif [ $? != 0 ] ; then\n    # print error to STDERR\n    echo \"error: The sandbox is not in sync with the Podfile.lock. Run 'pod install' or update your CocoaPods installation.\" >&2\n    exit 1\nfi\n# This output is used by Xcode 'outputs' to avoid re-running this script phase.\necho \"SUCCESS\" > \"${SCRIPT_OUTPUT_FILE_0}\"\n";
			showEnvVarsInLog = 0;
		};
		CE9A591B76F944066B7D42CE /* [CP] Copy Pods Resources */ = {
			isa = PBXShellScriptBuildPhase;
			buildActionMask = 2147483647;
			files = (
			);
			inputPaths = (
			);
			name = "[CP] Copy Pods Resources";
			outputPaths = (
			);
			runOnlyForDeploymentPostprocessing = 0;
			shellPath = /bin/sh;
			shellScript = "\"${SRCROOT}/Pods/Target Support Files/Pods-Endo-iOS/Pods-Endo-iOS-resources.sh\"\n";
			showEnvVarsInLog = 0;
		};
/* End PBXShellScriptBuildPhase section */

/* Begin PBXSourcesBuildPhase section */
		90FA922720C667EE0096ED9D /* Sources */ = {
			isa = PBXSourcesBuildPhase;
			buildActionMask = 2147483647;
			files = (
				90FA923320C667EE0096ED9D /* ViewController.m in Sources */,
				90FA924C20C66B790096ED9D /* NSObject+EDOObjectRef.m in Sources */,
				90FA924920C66B370096ED9D /* EDOExporter.m in Sources */,
				90FA925920C781700096ED9D /* EDOObjectTransfer.m in Sources */,
				90FA923E20C667EE0096ED9D /* main.m in Sources */,
				90FA925320C66F6B0096ED9D /* UIView+EDOExporting.m in Sources */,
				90FA925620C693410096ED9D /* EDOStructValue.m in Sources */,
				90FA925C20C7E03A0096ED9D /* UIColor+EDOExporting.m in Sources */,
				90FA924F20C66D2F0096ED9D /* EDOExportable.m in Sources */,
				90FA923020C667EE0096ED9D /* AppDelegate.m in Sources */,
			);
			runOnlyForDeploymentPostprocessing = 0;
		};
/* End PBXSourcesBuildPhase section */

/* Begin PBXVariantGroup section */
		90FA923420C667EE0096ED9D /* Main.storyboard */ = {
			isa = PBXVariantGroup;
			children = (
				90FA923520C667EE0096ED9D /* Base */,
			);
			name = Main.storyboard;
			sourceTree = "<group>";
		};
		90FA923920C667EE0096ED9D /* LaunchScreen.storyboard */ = {
			isa = PBXVariantGroup;
			children = (
				90FA923A20C667EE0096ED9D /* Base */,
			);
			name = LaunchScreen.storyboard;
			sourceTree = "<group>";
		};
/* End PBXVariantGroup section */

/* Begin XCBuildConfiguration section */
		90FA923F20C667EE0096ED9D /* Debug */ = {
			isa = XCBuildConfiguration;
			buildSettings = {
				ALWAYS_SEARCH_USER_PATHS = NO;
				CLANG_ANALYZER_NONNULL = YES;
				CLANG_ANALYZER_NUMBER_OBJECT_CONVERSION = YES_AGGRESSIVE;
				CLANG_CXX_LANGUAGE_STANDARD = "gnu++14";
				CLANG_CXX_LIBRARY = "libc++";
				CLANG_ENABLE_MODULES = YES;
				CLANG_ENABLE_OBJC_ARC = YES;
				CLANG_ENABLE_OBJC_WEAK = YES;
				CLANG_WARN_BLOCK_CAPTURE_AUTORELEASING = YES;
				CLANG_WARN_BOOL_CONVERSION = YES;
				CLANG_WARN_COMMA = YES;
				CLANG_WARN_CONSTANT_CONVERSION = YES;
				CLANG_WARN_DEPRECATED_OBJC_IMPLEMENTATIONS = YES;
				CLANG_WARN_DIRECT_OBJC_ISA_USAGE = YES_ERROR;
				CLANG_WARN_DOCUMENTATION_COMMENTS = YES;
				CLANG_WARN_EMPTY_BODY = YES;
				CLANG_WARN_ENUM_CONVERSION = YES;
				CLANG_WARN_INFINITE_RECURSION = YES;
				CLANG_WARN_INT_CONVERSION = YES;
				CLANG_WARN_NON_LITERAL_NULL_CONVERSION = YES;
				CLANG_WARN_OBJC_IMPLICIT_RETAIN_SELF = YES;
				CLANG_WARN_OBJC_LITERAL_CONVERSION = YES;
				CLANG_WARN_OBJC_ROOT_CLASS = YES_ERROR;
				CLANG_WARN_RANGE_LOOP_ANALYSIS = YES;
				CLANG_WARN_STRICT_PROTOTYPES = YES;
				CLANG_WARN_SUSPICIOUS_MOVE = YES;
				CLANG_WARN_UNGUARDED_AVAILABILITY = YES_AGGRESSIVE;
				CLANG_WARN_UNREACHABLE_CODE = YES;
				CLANG_WARN__DUPLICATE_METHOD_MATCH = YES;
				CODE_SIGN_IDENTITY = "iPhone Developer";
				COPY_PHASE_STRIP = NO;
				DEBUG_INFORMATION_FORMAT = dwarf;
				ENABLE_STRICT_OBJC_MSGSEND = YES;
				ENABLE_TESTABILITY = YES;
				GCC_C_LANGUAGE_STANDARD = gnu11;
				GCC_DYNAMIC_NO_PIC = NO;
				GCC_NO_COMMON_BLOCKS = YES;
				GCC_OPTIMIZATION_LEVEL = 0;
				GCC_PREPROCESSOR_DEFINITIONS = (
					"DEBUG=1",
					"$(inherited)",
				);
				GCC_WARN_64_TO_32_BIT_CONVERSION = YES;
				GCC_WARN_ABOUT_RETURN_TYPE = YES_ERROR;
				GCC_WARN_UNDECLARED_SELECTOR = YES;
				GCC_WARN_UNINITIALIZED_AUTOS = YES_AGGRESSIVE;
				GCC_WARN_UNUSED_FUNCTION = YES;
				GCC_WARN_UNUSED_VARIABLE = YES;
				IPHONEOS_DEPLOYMENT_TARGET = 11.3;
				MTL_ENABLE_DEBUG_INFO = YES;
				ONLY_ACTIVE_ARCH = YES;
				SDKROOT = iphoneos;
			};
			name = Debug;
		};
		90FA924020C667EE0096ED9D /* Release */ = {
			isa = XCBuildConfiguration;
			buildSettings = {
				ALWAYS_SEARCH_USER_PATHS = NO;
				CLANG_ANALYZER_NONNULL = YES;
				CLANG_ANALYZER_NUMBER_OBJECT_CONVERSION = YES_AGGRESSIVE;
				CLANG_CXX_LANGUAGE_STANDARD = "gnu++14";
				CLANG_CXX_LIBRARY = "libc++";
				CLANG_ENABLE_MODULES = YES;
				CLANG_ENABLE_OBJC_ARC = YES;
				CLANG_ENABLE_OBJC_WEAK = YES;
				CLANG_WARN_BLOCK_CAPTURE_AUTORELEASING = YES;
				CLANG_WARN_BOOL_CONVERSION = YES;
				CLANG_WARN_COMMA = YES;
				CLANG_WARN_CONSTANT_CONVERSION = YES;
				CLANG_WARN_DEPRECATED_OBJC_IMPLEMENTATIONS = YES;
				CLANG_WARN_DIRECT_OBJC_ISA_USAGE = YES_ERROR;
				CLANG_WARN_DOCUMENTATION_COMMENTS = YES;
				CLANG_WARN_EMPTY_BODY = YES;
				CLANG_WARN_ENUM_CONVERSION = YES;
				CLANG_WARN_INFINITE_RECURSION = YES;
				CLANG_WARN_INT_CONVERSION = YES;
				CLANG_WARN_NON_LITERAL_NULL_CONVERSION = YES;
				CLANG_WARN_OBJC_IMPLICIT_RETAIN_SELF = YES;
				CLANG_WARN_OBJC_LITERAL_CONVERSION = YES;
				CLANG_WARN_OBJC_ROOT_CLASS = YES_ERROR;
				CLANG_WARN_RANGE_LOOP_ANALYSIS = YES;
				CLANG_WARN_STRICT_PROTOTYPES = YES;
				CLANG_WARN_SUSPICIOUS_MOVE = YES;
				CLANG_WARN_UNGUARDED_AVAILABILITY = YES_AGGRESSIVE;
				CLANG_WARN_UNREACHABLE_CODE = YES;
				CLANG_WARN__DUPLICATE_METHOD_MATCH = YES;
				CODE_SIGN_IDENTITY = "iPhone Developer";
				COPY_PHASE_STRIP = NO;
				DEBUG_INFORMATION_FORMAT = "dwarf-with-dsym";
				ENABLE_NS_ASSERTIONS = NO;
				ENABLE_STRICT_OBJC_MSGSEND = YES;
				GCC_C_LANGUAGE_STANDARD = gnu11;
				GCC_NO_COMMON_BLOCKS = YES;
				GCC_WARN_64_TO_32_BIT_CONVERSION = YES;
				GCC_WARN_ABOUT_RETURN_TYPE = YES_ERROR;
				GCC_WARN_UNDECLARED_SELECTOR = YES;
				GCC_WARN_UNINITIALIZED_AUTOS = YES_AGGRESSIVE;
				GCC_WARN_UNUSED_FUNCTION = YES;
				GCC_WARN_UNUSED_VARIABLE = YES;
				IPHONEOS_DEPLOYMENT_TARGET = 11.3;
				MTL_ENABLE_DEBUG_INFO = NO;
				SDKROOT = iphoneos;
				VALIDATE_PRODUCT = YES;
			};
			name = Release;
		};
		90FA924220C667EE0096ED9D /* Debug */ = {
			isa = XCBuildConfiguration;
			baseConfigurationReference = 4C5DB9959260C5C86CFD1D6B /* Pods-Endo-iOS.debug.xcconfig */;
			buildSettings = {
				ASSETCATALOG_COMPILER_APPICON_NAME = AppIcon;
				CODE_SIGN_STYLE = Automatic;
				DEVELOPMENT_TEAM = 544P5CH38C;
				GCC_PREPROCESSOR_DEFINITIONS = (
					"DEV=1",
					"DEBUG=1",
					"$(inherited)",
				);
				INFOPLIST_FILE = "Endo-iOS/Info.plist";
				IPHONEOS_DEPLOYMENT_TARGET = 9.0;
				LD_RUNPATH_SEARCH_PATHS = (
					"$(inherited)",
					"@executable_path/Frameworks",
				);
				PRODUCT_BUNDLE_IDENTIFIER = "com.yyued.Endo-iOS";
				PRODUCT_NAME = "$(TARGET_NAME)";
				TARGETED_DEVICE_FAMILY = "1,2";
			};
			name = Debug;
		};
		90FA924320C667EE0096ED9D /* Release */ = {
			isa = XCBuildConfiguration;
			baseConfigurationReference = AFC0F9E0535ED204D738C45F /* Pods-Endo-iOS.release.xcconfig */;
			buildSettings = {
				ASSETCATALOG_COMPILER_APPICON_NAME = AppIcon;
				CODE_SIGN_STYLE = Automatic;
				DEVELOPMENT_TEAM = 544P5CH38C;
				INFOPLIST_FILE = "Endo-iOS/Info.plist";
				IPHONEOS_DEPLOYMENT_TARGET = 9.0;
				LD_RUNPATH_SEARCH_PATHS = (
					"$(inherited)",
					"@executable_path/Frameworks",
				);
				PRODUCT_BUNDLE_IDENTIFIER = "com.yyued.Endo-iOS";
				PRODUCT_NAME = "$(TARGET_NAME)";
				TARGETED_DEVICE_FAMILY = "1,2";
			};
			name = Release;
		};
/* End XCBuildConfiguration section */

/* Begin XCConfigurationList section */
		90FA922620C667EE0096ED9D /* Build configuration list for PBXProject "Endo-iOS" */ = {
			isa = XCConfigurationList;
			buildConfigurations = (
				90FA923F20C667EE0096ED9D /* Debug */,
				90FA924020C667EE0096ED9D /* Release */,
			);
			defaultConfigurationIsVisible = 0;
			defaultConfigurationName = Release;
		};
		90FA924120C667EE0096ED9D /* Build configuration list for PBXNativeTarget "Endo-iOS" */ = {
			isa = XCConfigurationList;
			buildConfigurations = (
				90FA924220C667EE0096ED9D /* Debug */,
				90FA924320C667EE0096ED9D /* Release */,
			);
			defaultConfigurationIsVisible = 0;
			defaultConfigurationName = Release;
		};
/* End XCConfigurationList section */
	};
	rootObject = 90FA922320C667EE0096ED9D /* Project object */;
}
