// !$*UTF8*$!
{
	archiveVersion = 1;
	classes = {
	};
	objectVersion = 50;
	objects = {

/* Begin PBXBuildFile section */
		909365E920E38223008E4BCA /* Endo_iOSTests.m in Sources */ = {isa = PBXBuildFile; fileRef = 909365E820E38223008E4BCA /* Endo_iOSTests.m */; };
		9093660120E477CF008E4BCA /* JSContext+EDOThread.m in Sources */ = {isa = PBXBuildFile; fileRef = 9093660020E477CF008E4BCA /* JSContext+EDOThread.m */; };
		90F4B7F420F5BC9800E13294 /* ReturnTestObject.m in Sources */ = {isa = PBXBuildFile; fileRef = 90F4B7F320F5BC9800E13294 /* ReturnTestObject.m */; };
		90F4B7F620F5BCA200E13294 /* ReturnTests.m in Sources */ = {isa = PBXBuildFile; fileRef = 90F4B7F520F5BCA200E13294 /* ReturnTests.m */; };
		90F4B7FA20F5D7D300E13294 /* ArgumentTestObject.m in Sources */ = {isa = PBXBuildFile; fileRef = 90F4B7F920F5D7D300E13294 /* ArgumentTestObject.m */; };
		90F4B7FC20F5D9F500E13294 /* ArgumentTests.m in Sources */ = {isa = PBXBuildFile; fileRef = 90F4B7FB20F5D9F500E13294 /* ArgumentTests.m */; };
		90F4B80420F5DD2100E13294 /* FooObject.m in Sources */ = {isa = PBXBuildFile; fileRef = 90F4B80020F5DD2100E13294 /* FooObject.m */; };
		90F4B80520F5DD2100E13294 /* BarObject.m in Sources */ = {isa = PBXBuildFile; fileRef = 90F4B80220F5DD2100E13294 /* BarObject.m */; };
		90F4B80620F5DD2100E13294 /* XXXObject.m in Sources */ = {isa = PBXBuildFile; fileRef = 90F4B80320F5DD2100E13294 /* XXXObject.m */; };
		90F4B80820F5DD7700E13294 /* ObjectTests.m in Sources */ = {isa = PBXBuildFile; fileRef = 90F4B80720F5DD7700E13294 /* ObjectTests.m */; };
		90F4B80C20F5EDFA00E13294 /* PropertyTestObject.m in Sources */ = {isa = PBXBuildFile; fileRef = 90F4B80B20F5EDFA00E13294 /* PropertyTestObject.m */; };
		90F4B80E20F5EF6900E13294 /* PropertyTests.m in Sources */ = {isa = PBXBuildFile; fileRef = 90F4B80D20F5EF6900E13294 /* PropertyTests.m */; };
		90F4B81120F5F27F00E13294 /* ConstTests.m in Sources */ = {isa = PBXBuildFile; fileRef = 90F4B81020F5F27F00E13294 /* ConstTests.m */; };
		90F4B81320F5F37F00E13294 /* EnumTests.m in Sources */ = {isa = PBXBuildFile; fileRef = 90F4B81220F5F37F00E13294 /* EnumTests.m */; };
		90FA923020C667EE0096ED9D /* AppDelegate.m in Sources */ = {isa = PBXBuildFile; fileRef = 90FA922F20C667EE0096ED9D /* AppDelegate.m */; };
		90FA923320C667EE0096ED9D /* ViewController.m in Sources */ = {isa = PBXBuildFile; fileRef = 90FA923220C667EE0096ED9D /* ViewController.m */; };
		90FA923620C667EE0096ED9D /* Main.storyboard in Resources */ = {isa = PBXBuildFile; fileRef = 90FA923420C667EE0096ED9D /* Main.storyboard */; };
		90FA923820C667EE0096ED9D /* Assets.xcassets in Resources */ = {isa = PBXBuildFile; fileRef = 90FA923720C667EE0096ED9D /* Assets.xcassets */; };
		90FA923B20C667EE0096ED9D /* LaunchScreen.storyboard in Resources */ = {isa = PBXBuildFile; fileRef = 90FA923920C667EE0096ED9D /* LaunchScreen.storyboard */; };
		90FA923E20C667EE0096ED9D /* main.m in Sources */ = {isa = PBXBuildFile; fileRef = 90FA923D20C667EE0096ED9D /* main.m */; };
		90FA924920C66B370096ED9D /* EDOExporter.m in Sources */ = {isa = PBXBuildFile; fileRef = 90FA924820C66B370096ED9D /* EDOExporter.m */; };
		90FA924C20C66B790096ED9D /* NSObject+EDOObjectRef.m in Sources */ = {isa = PBXBuildFile; fileRef = 90FA924B20C66B790096ED9D /* NSObject+EDOObjectRef.m */; };
		90FA924F20C66D2F0096ED9D /* EDOExportable.m in Sources */ = {isa = PBXBuildFile; fileRef = 90FA924E20C66D2F0096ED9D /* EDOExportable.m */; };
		90FA925920C781700096ED9D /* EDOObjectTransfer.m in Sources */ = {isa = PBXBuildFile; fileRef = 90FA925820C781700096ED9D /* EDOObjectTransfer.m */; };
		933BAA0EDCEAB8443DD783AD /* libPods-Endo-iOS.a in Frameworks */ = {isa = PBXBuildFile; fileRef = 3810BE98939004552148B5F7 /* libPods-Endo-iOS.a */; };
/* End PBXBuildFile section */

/* Begin PBXContainerItemProxy section */
		909365EB20E38223008E4BCA /* PBXContainerItemProxy */ = {
			isa = PBXContainerItemProxy;
			containerPortal = 90FA922320C667EE0096ED9D /* Project object */;
			proxyType = 1;
			remoteGlobalIDString = 90FA922A20C667EE0096ED9D;
			remoteInfo = "Endo-iOS";
		};
/* End PBXContainerItemProxy section */

/* Begin PBXFileReference section */
		3810BE98939004552148B5F7 /* libPods-Endo-iOS.a */ = {isa = PBXFileReference; explicitFileType = archive.ar; includeInIndex = 0; path = "libPods-Endo-iOS.a"; sourceTree = BUILT_PRODUCTS_DIR; };
		4C5DB9959260C5C86CFD1D6B /* Pods-Endo-iOS.debug.xcconfig */ = {isa = PBXFileReference; includeInIndex = 1; lastKnownFileType = text.xcconfig; name = "Pods-Endo-iOS.debug.xcconfig"; path = "Pods/Target Support Files/Pods-Endo-iOS/Pods-Endo-iOS.debug.xcconfig"; sourceTree = "<group>"; };
		909365E620E38223008E4BCA /* Endo-iOSTests.xctest */ = {isa = PBXFileReference; explicitFileType = wrapper.cfbundle; includeInIndex = 0; path = "Endo-iOSTests.xctest"; sourceTree = BUILT_PRODUCTS_DIR; };
		909365E820E38223008E4BCA /* Endo_iOSTests.m */ = {isa = PBXFileReference; lastKnownFileType = sourcecode.c.objc; path = Endo_iOSTests.m; sourceTree = "<group>"; };
		909365EA20E38223008E4BCA /* Info.plist */ = {isa = PBXFileReference; lastKnownFileType = text.plist.xml; path = Info.plist; sourceTree = "<group>"; };
		909365FF20E477CF008E4BCA /* JSContext+EDOThread.h */ = {isa = PBXFileReference; lastKnownFileType = sourcecode.c.h; path = "JSContext+EDOThread.h"; sourceTree = "<group>"; };
		9093660020E477CF008E4BCA /* JSContext+EDOThread.m */ = {isa = PBXFileReference; lastKnownFileType = sourcecode.c.objc; path = "JSContext+EDOThread.m"; sourceTree = "<group>"; };
		90F4B7F220F5BC9800E13294 /* ReturnTestObject.h */ = {isa = PBXFileReference; fileEncoding = 4; lastKnownFileType = sourcecode.c.h; path = ReturnTestObject.h; sourceTree = "<group>"; };
		90F4B7F320F5BC9800E13294 /* ReturnTestObject.m */ = {isa = PBXFileReference; fileEncoding = 4; lastKnownFileType = sourcecode.c.objc; path = ReturnTestObject.m; sourceTree = "<group>"; };
		90F4B7F520F5BCA200E13294 /* ReturnTests.m */ = {isa = PBXFileReference; lastKnownFileType = sourcecode.c.objc; path = ReturnTests.m; sourceTree = "<group>"; };
		90F4B7F820F5D7D300E13294 /* ArgumentTestObject.h */ = {isa = PBXFileReference; lastKnownFileType = sourcecode.c.h; path = ArgumentTestObject.h; sourceTree = "<group>"; };
		90F4B7F920F5D7D300E13294 /* ArgumentTestObject.m */ = {isa = PBXFileReference; lastKnownFileType = sourcecode.c.objc; path = ArgumentTestObject.m; sourceTree = "<group>"; };
		90F4B7FB20F5D9F500E13294 /* ArgumentTests.m */ = {isa = PBXFileReference; lastKnownFileType = sourcecode.c.objc; path = ArgumentTests.m; sourceTree = "<group>"; };
		90F4B7FE20F5DD2000E13294 /* BarObject.h */ = {isa = PBXFileReference; fileEncoding = 4; lastKnownFileType = sourcecode.c.h; path = BarObject.h; sourceTree = "<group>"; };
		90F4B7FF20F5DD2000E13294 /* FooObject.h */ = {isa = PBXFileReference; fileEncoding = 4; lastKnownFileType = sourcecode.c.h; path = FooObject.h; sourceTree = "<group>"; };
		90F4B80020F5DD2100E13294 /* FooObject.m */ = {isa = PBXFileReference; fileEncoding = 4; lastKnownFileType = sourcecode.c.objc; path = FooObject.m; sourceTree = "<group>"; };
		90F4B80120F5DD2100E13294 /* XXXObject.h */ = {isa = PBXFileReference; fileEncoding = 4; lastKnownFileType = sourcecode.c.h; path = XXXObject.h; sourceTree = "<group>"; };
		90F4B80220F5DD2100E13294 /* BarObject.m */ = {isa = PBXFileReference; fileEncoding = 4; lastKnownFileType = sourcecode.c.objc; path = BarObject.m; sourceTree = "<group>"; };
		90F4B80320F5DD2100E13294 /* XXXObject.m */ = {isa = PBXFileReference; fileEncoding = 4; lastKnownFileType = sourcecode.c.objc; path = XXXObject.m; sourceTree = "<group>"; };
		90F4B80720F5DD7700E13294 /* ObjectTests.m */ = {isa = PBXFileReference; lastKnownFileType = sourcecode.c.objc; path = ObjectTests.m; sourceTree = "<group>"; };
		90F4B80A20F5EDFA00E13294 /* PropertyTestObject.h */ = {isa = PBXFileReference; lastKnownFileType = sourcecode.c.h; path = PropertyTestObject.h; sourceTree = "<group>"; };
		90F4B80B20F5EDFA00E13294 /* PropertyTestObject.m */ = {isa = PBXFileReference; lastKnownFileType = sourcecode.c.objc; path = PropertyTestObject.m; sourceTree = "<group>"; };
		90F4B80D20F5EF6900E13294 /* PropertyTests.m */ = {isa = PBXFileReference; lastKnownFileType = sourcecode.c.objc; path = PropertyTests.m; sourceTree = "<group>"; };
		90F4B81020F5F27F00E13294 /* ConstTests.m */ = {isa = PBXFileReference; lastKnownFileType = sourcecode.c.objc; path = ConstTests.m; sourceTree = "<group>"; };
		90F4B81220F5F37F00E13294 /* EnumTests.m */ = {isa = PBXFileReference; lastKnownFileType = sourcecode.c.objc; path = EnumTests.m; sourceTree = "<group>"; };
		90FA922B20C667EE0096ED9D /* Endo-iOS.app */ = {isa = PBXFileReference; explicitFileType = wrapper.application; includeInIndex = 0; path = "Endo-iOS.app"; sourceTree = BUILT_PRODUCTS_DIR; };
		90FA922E20C667EE0096ED9D /* AppDelegate.h */ = {isa = PBXFileReference; lastKnownFileType = sourcecode.c.h; path = AppDelegate.h; sourceTree = "<group>"; };
		90FA922F20C667EE0096ED9D /* AppDelegate.m */ = {isa = PBXFileReference; lastKnownFileType = sourcecode.c.objc; path = AppDelegate.m; sourceTree = "<group>"; };
		90FA923120C667EE0096ED9D /* ViewController.h */ = {isa = PBXFileReference; lastKnownFileType = sourcecode.c.h; path = ViewController.h; sourceTree = "<group>"; };
		90FA923220C667EE0096ED9D /* ViewController.m */ = {isa = PBXFileReference; lastKnownFileType = sourcecode.c.objc; path = ViewController.m; sourceTree = "<group>"; };
		90FA923520C667EE0096ED9D /* Base */ = {isa = PBXFileReference; lastKnownFileType = file.storyboard; name = Base; path = Base.lproj/Main.storyboard; sourceTree = "<group>"; };
		90FA923720C667EE0096ED9D /* Assets.xcassets */ = {isa = PBXFileReference; lastKnownFileType = folder.assetcatalog; path = Assets.xcassets; sourceTree = "<group>"; };
		90FA923A20C667EE0096ED9D /* Base */ = {isa = PBXFileReference; lastKnownFileType = file.storyboard; name = Base; path = Base.lproj/LaunchScreen.storyboard; sourceTree = "<group>"; };
		90FA923C20C667EE0096ED9D /* Info.plist */ = {isa = PBXFileReference; lastKnownFileType = text.plist.xml; path = Info.plist; sourceTree = "<group>"; };
		90FA923D20C667EE0096ED9D /* main.m */ = {isa = PBXFileReference; lastKnownFileType = sourcecode.c.objc; path = main.m; sourceTree = "<group>"; };
		90FA924520C6693B0096ED9D /* EDOExporter.h */ = {isa = PBXFileReference; lastKnownFileType = sourcecode.c.h; path = EDOExporter.h; sourceTree = "<group>"; };
		90FA924820C66B370096ED9D /* EDOExporter.m */ = {isa = PBXFileReference; fileEncoding = 4; lastKnownFileType = sourcecode.c.objc; path = EDOExporter.m; sourceTree = "<group>"; };
		90FA924A20C66B790096ED9D /* NSObject+EDOObjectRef.h */ = {isa = PBXFileReference; lastKnownFileType = sourcecode.c.h; path = "NSObject+EDOObjectRef.h"; sourceTree = "<group>"; };
		90FA924B20C66B790096ED9D /* NSObject+EDOObjectRef.m */ = {isa = PBXFileReference; lastKnownFileType = sourcecode.c.objc; path = "NSObject+EDOObjectRef.m"; sourceTree = "<group>"; };
		90FA924D20C66D2F0096ED9D /* EDOExportable.h */ = {isa = PBXFileReference; lastKnownFileType = sourcecode.c.h; path = EDOExportable.h; sourceTree = "<group>"; };
		90FA924E20C66D2F0096ED9D /* EDOExportable.m */ = {isa = PBXFileReference; lastKnownFileType = sourcecode.c.objc; path = EDOExportable.m; sourceTree = "<group>"; };
		90FA925720C781700096ED9D /* EDOObjectTransfer.h */ = {isa = PBXFileReference; lastKnownFileType = sourcecode.c.h; path = EDOObjectTransfer.h; sourceTree = "<group>"; };
		90FA925820C781700096ED9D /* EDOObjectTransfer.m */ = {isa = PBXFileReference; lastKnownFileType = sourcecode.c.objc; path = EDOObjectTransfer.m; sourceTree = "<group>"; };
		AFC0F9E0535ED204D738C45F /* Pods-Endo-iOS.release.xcconfig */ = {isa = PBXFileReference; includeInIndex = 1; lastKnownFileType = text.xcconfig; name = "Pods-Endo-iOS.release.xcconfig"; path = "Pods/Target Support Files/Pods-Endo-iOS/Pods-Endo-iOS.release.xcconfig"; sourceTree = "<group>"; };
/* End PBXFileReference section */

/* Begin PBXFrameworksBuildPhase section */
		909365E320E38223008E4BCA /* Frameworks */ = {
			isa = PBXFrameworksBuildPhase;
			buildActionMask = 2147483647;
			files = (
			);
			runOnlyForDeploymentPostprocessing = 0;
		};
		90FA922820C667EE0096ED9D /* Frameworks */ = {
			isa = PBXFrameworksBuildPhase;
			buildActionMask = 2147483647;
			files = (
				933BAA0EDCEAB8443DD783AD /* libPods-Endo-iOS.a in Frameworks */,
			);
			runOnlyForDeploymentPostprocessing = 0;
		};
/* End PBXFrameworksBuildPhase section */

/* Begin PBXGroup section */
		1EAA54B85127CDC1EAC6E36E /* Pods */ = {
			isa = PBXGroup;
			children = (
				4C5DB9959260C5C86CFD1D6B /* Pods-Endo-iOS.debug.xcconfig */,
				AFC0F9E0535ED204D738C45F /* Pods-Endo-iOS.release.xcconfig */,
			);
			name = Pods;
			sourceTree = "<group>";
		};
		909365E720E38223008E4BCA /* Endo-iOSTests */ = {
			isa = PBXGroup;
			children = (
				909365E820E38223008E4BCA /* Endo_iOSTests.m */,
				90F4B80F20F5F27400E13294 /* Other Tests */,
				90F4B80920F5ED9400E13294 /* Property Tests */,
				90F4B7FD20F5DCE000E13294 /* Object Tests */,
				90F4B7F720F5D7B600E13294 /* Argument Value Tests */,
				90F4B7F120F5BC8900E13294 /* Return Value Tests */,
				909365EA20E38223008E4BCA /* Info.plist */,
			);
			path = "Endo-iOSTests";
			sourceTree = "<group>";
		};
		90F4B7F120F5BC8900E13294 /* Return Value Tests */ = {
			isa = PBXGroup;
			children = (
				90F4B7F520F5BCA200E13294 /* ReturnTests.m */,
				90F4B7F220F5BC9800E13294 /* ReturnTestObject.h */,
				90F4B7F320F5BC9800E13294 /* ReturnTestObject.m */,
			);
			path = "Return Value Tests";
			sourceTree = "<group>";
		};
		90F4B7F720F5D7B600E13294 /* Argument Value Tests */ = {
			isa = PBXGroup;
			children = (
				90F4B7FB20F5D9F500E13294 /* ArgumentTests.m */,
				90F4B7F820F5D7D300E13294 /* ArgumentTestObject.h */,
				90F4B7F920F5D7D300E13294 /* ArgumentTestObject.m */,
			);
			path = "Argument Value Tests";
			sourceTree = "<group>";
		};
		90F4B7FD20F5DCE000E13294 /* Object Tests */ = {
			isa = PBXGroup;
			children = (
				90F4B80720F5DD7700E13294 /* ObjectTests.m */,
				90F4B7FE20F5DD2000E13294 /* BarObject.h */,
				90F4B80220F5DD2100E13294 /* BarObject.m */,
				90F4B7FF20F5DD2000E13294 /* FooObject.h */,
				90F4B80020F5DD2100E13294 /* FooObject.m */,
				90F4B80120F5DD2100E13294 /* XXXObject.h */,
				90F4B80320F5DD2100E13294 /* XXXObject.m */,
			);
			path = "Object Tests";
			sourceTree = "<group>";
		};
		90F4B80920F5ED9400E13294 /* Property Tests */ = {
			isa = PBXGroup;
			children = (
				90F4B80D20F5EF6900E13294 /* PropertyTests.m */,
				90F4B80A20F5EDFA00E13294 /* PropertyTestObject.h */,
				90F4B80B20F5EDFA00E13294 /* PropertyTestObject.m */,
			);
			path = "Property Tests";
			sourceTree = "<group>";
		};
		90F4B80F20F5F27400E13294 /* Other Tests */ = {
			isa = PBXGroup;
			children = (
				90F4B81020F5F27F00E13294 /* ConstTests.m */,
				90F4B81220F5F37F00E13294 /* EnumTests.m */,
			);
			path = "Other Tests";
			sourceTree = "<group>";
		};
		90FA922220C667EE0096ED9D = {
			isa = PBXGroup;
			children = (
				90FA924420C667FB0096ED9D /* Sources */,
				90FA922D20C667EE0096ED9D /* Endo-iOS */,
				909365E720E38223008E4BCA /* Endo-iOSTests */,
				90FA922C20C667EE0096ED9D /* Products */,
				1EAA54B85127CDC1EAC6E36E /* Pods */,
				B802CC75CB5DF355AF330258 /* Frameworks */,
			);
			sourceTree = "<group>";
		};
		90FA922C20C667EE0096ED9D /* Products */ = {
			isa = PBXGroup;
			children = (
				90FA922B20C667EE0096ED9D /* Endo-iOS.app */,
				909365E620E38223008E4BCA /* Endo-iOSTests.xctest */,
			);
			name = Products;
			sourceTree = "<group>";
		};
		90FA922D20C667EE0096ED9D /* Endo-iOS */ = {
			isa = PBXGroup;
			children = (
				90FA922E20C667EE0096ED9D /* AppDelegate.h */,
				90FA922F20C667EE0096ED9D /* AppDelegate.m */,
				90FA923120C667EE0096ED9D /* ViewController.h */,
				90FA923220C667EE0096ED9D /* ViewController.m */,
				90FA923420C667EE0096ED9D /* Main.storyboard */,
				90FA923720C667EE0096ED9D /* Assets.xcassets */,
				90FA923920C667EE0096ED9D /* LaunchScreen.storyboard */,
				90FA923C20C667EE0096ED9D /* Info.plist */,
				90FA923D20C667EE0096ED9D /* main.m */,
			);
			path = "Endo-iOS";
			sourceTree = "<group>";
		};
		90FA924420C667FB0096ED9D /* Sources */ = {
			isa = PBXGroup;
			children = (
				90FA924520C6693B0096ED9D /* EDOExporter.h */,
				90FA924820C66B370096ED9D /* EDOExporter.m */,
				90FA924D20C66D2F0096ED9D /* EDOExportable.h */,
				90FA924E20C66D2F0096ED9D /* EDOExportable.m */,
				90FA925720C781700096ED9D /* EDOObjectTransfer.h */,
				90FA925820C781700096ED9D /* EDOObjectTransfer.m */,
				90FA924A20C66B790096ED9D /* NSObject+EDOObjectRef.h */,
				90FA924B20C66B790096ED9D /* NSObject+EDOObjectRef.m */,
				909365FF20E477CF008E4BCA /* JSContext+EDOThread.h */,
				9093660020E477CF008E4BCA /* JSContext+EDOThread.m */,
			);
			path = Sources;
			sourceTree = "<group>";
		};
		B802CC75CB5DF355AF330258 /* Frameworks */ = {
			isa = PBXGroup;
			children = (
				3810BE98939004552148B5F7 /* libPods-Endo-iOS.a */,
			);
			name = Frameworks;
			sourceTree = "<group>";
		};
/* End PBXGroup section */

/* Begin PBXNativeTarget section */
		909365E520E38223008E4BCA /* Endo-iOSTests */ = {
			isa = PBXNativeTarget;
			buildConfigurationList = 909365ED20E38223008E4BCA /* Build configuration list for PBXNativeTarget "Endo-iOSTests" */;
			buildPhases = (
				909365E220E38223008E4BCA /* Sources */,
				909365E320E38223008E4BCA /* Frameworks */,
				909365E420E38223008E4BCA /* Resources */,
			);
			buildRules = (
			);
			dependencies = (
				909365EC20E38223008E4BCA /* PBXTargetDependency */,
			);
			name = "Endo-iOSTests";
			productName = "Endo-iOSTests";
			productReference = 909365E620E38223008E4BCA /* Endo-iOSTests.xctest */;
			productType = "com.apple.product-type.bundle.unit-test";
		};
		90FA922A20C667EE0096ED9D /* Endo-iOS */ = {
			isa = PBXNativeTarget;
			buildConfigurationList = 90FA924120C667EE0096ED9D /* Build configuration list for PBXNativeTarget "Endo-iOS" */;
			buildPhases = (
				7BC875FDA4E2E9D55DFA4DCF /* [CP] Check Pods Manifest.lock */,
				90FA922720C667EE0096ED9D /* Sources */,
				90FA922820C667EE0096ED9D /* Frameworks */,
				90FA922920C667EE0096ED9D /* Resources */,
			);
			buildRules = (
			);
			dependencies = (
			);
			name = "Endo-iOS";
			productName = "Endo-iOS";
			productReference = 90FA922B20C667EE0096ED9D /* Endo-iOS.app */;
			productType = "com.apple.product-type.application";
		};
/* End PBXNativeTarget section */

/* Begin PBXProject section */
		90FA922320C667EE0096ED9D /* Project object */ = {
			isa = PBXProject;
			attributes = {
				LastUpgradeCheck = 0930;
				ORGANIZATIONNAME = "UED Center, YY Inc.";
				TargetAttributes = {
					909365E520E38223008E4BCA = {
						CreatedOnToolsVersion = 9.3;
						TestTargetID = 90FA922A20C667EE0096ED9D;
					};
					90FA922A20C667EE0096ED9D = {
						CreatedOnToolsVersion = 9.3;
					};
				};
			};
			buildConfigurationList = 90FA922620C667EE0096ED9D /* Build configuration list for PBXProject "Endo-iOS" */;
			compatibilityVersion = "Xcode 9.3";
			developmentRegion = en;
			hasScannedForEncodings = 0;
			knownRegions = (
				en,
				Base,
			);
			mainGroup = 90FA922220C667EE0096ED9D;
			productRefGroup = 90FA922C20C667EE0096ED9D /* Products */;
			projectDirPath = "";
			projectRoot = "";
			targets = (
				90FA922A20C667EE0096ED9D /* Endo-iOS */,
				909365E520E38223008E4BCA /* Endo-iOSTests */,
			);
		};
/* End PBXProject section */

/* Begin PBXResourcesBuildPhase section */
		909365E420E38223008E4BCA /* Resources */ = {
			isa = PBXResourcesBuildPhase;
			buildActionMask = 2147483647;
			files = (
			);
			runOnlyForDeploymentPostprocessing = 0;
		};
		90FA922920C667EE0096ED9D /* Resources */ = {
			isa = PBXResourcesBuildPhase;
			buildActionMask = 2147483647;
			files = (
				90FA923B20C667EE0096ED9D /* LaunchScreen.storyboard in Resources */,
				90FA923820C667EE0096ED9D /* Assets.xcassets in Resources */,
				90FA923620C667EE0096ED9D /* Main.storyboard in Resources */,
			);
			runOnlyForDeploymentPostprocessing = 0;
		};
/* End PBXResourcesBuildPhase section */

/* Begin PBXShellScriptBuildPhase section */
		7BC875FDA4E2E9D55DFA4DCF /* [CP] Check Pods Manifest.lock */ = {
			isa = PBXShellScriptBuildPhase;
			buildActionMask = 2147483647;
			files = (
			);
			inputPaths = (
				"${PODS_PODFILE_DIR_PATH}/Podfile.lock",
				"${PODS_ROOT}/Manifest.lock",
			);
			name = "[CP] Check Pods Manifest.lock";
			outputPaths = (
				"$(DERIVED_FILE_DIR)/Pods-Endo-iOS-checkManifestLockResult.txt",
			);
			runOnlyForDeploymentPostprocessing = 0;
			shellPath = /bin/sh;
			shellScript = "diff \"${PODS_PODFILE_DIR_PATH}/Podfile.lock\" \"${PODS_ROOT}/Manifest.lock\" > /dev/null\nif [ $? != 0 ] ; then\n    # print error to STDERR\n    echo \"error: The sandbox is not in sync with the Podfile.lock. Run 'pod install' or update your CocoaPods installation.\" >&2\n    exit 1\nfi\n# This output is used by Xcode 'outputs' to avoid re-running this script phase.\necho \"SUCCESS\" > \"${SCRIPT_OUTPUT_FILE_0}\"\n";
			showEnvVarsInLog = 0;
		};
/* End PBXShellScriptBuildPhase section */

/* Begin PBXSourcesBuildPhase section */
		909365E220E38223008E4BCA /* Sources */ = {
			isa = PBXSourcesBuildPhase;
			buildActionMask = 2147483647;
			files = (
				90F4B7FA20F5D7D300E13294 /* ArgumentTestObject.m in Sources */,
				90F4B80820F5DD7700E13294 /* ObjectTests.m in Sources */,
				90F4B7F620F5BCA200E13294 /* ReturnTests.m in Sources */,
				909365E920E38223008E4BCA /* Endo_iOSTests.m in Sources */,
				90F4B80E20F5EF6900E13294 /* PropertyTests.m in Sources */,
				90F4B81320F5F37F00E13294 /* EnumTests.m in Sources */,
				90F4B81120F5F27F00E13294 /* ConstTests.m in Sources */,
				90F4B80420F5DD2100E13294 /* FooObject.m in Sources */,
				90F4B80C20F5EDFA00E13294 /* PropertyTestObject.m in Sources */,
				90F4B7FC20F5D9F500E13294 /* ArgumentTests.m in Sources */,
				90F4B80620F5DD2100E13294 /* XXXObject.m in Sources */,
				90F4B7F420F5BC9800E13294 /* ReturnTestObject.m in Sources */,
				90F4B80520F5DD2100E13294 /* BarObject.m in Sources */,
			);
			runOnlyForDeploymentPostprocessing = 0;
		};
		90FA922720C667EE0096ED9D /* Sources */ = {
			isa = PBXSourcesBuildPhase;
			buildActionMask = 2147483647;
			files = (
				90FA923320C667EE0096ED9D /* ViewController.m in Sources */,
				90FA924C20C66B790096ED9D /* NSObject+EDOObjectRef.m in Sources */,
				90FA924920C66B370096ED9D /* EDOExporter.m in Sources */,
				90FA925920C781700096ED9D /* EDOObjectTransfer.m in Sources */,
				9093660120E477CF008E4BCA /* JSContext+EDOThread.m in Sources */,
				90FA923E20C667EE0096ED9D /* main.m in Sources */,
				90FA924F20C66D2F0096ED9D /* EDOExportable.m in Sources */,
				90FA923020C667EE0096ED9D /* AppDelegate.m in Sources */,
			);
			runOnlyForDeploymentPostprocessing = 0;
		};
/* End PBXSourcesBuildPhase section */

/* Begin PBXTargetDependency section */
		909365EC20E38223008E4BCA /* PBXTargetDependency */ = {
			isa = PBXTargetDependency;
			target = 90FA922A20C667EE0096ED9D /* Endo-iOS */;
			targetProxy = 909365EB20E38223008E4BCA /* PBXContainerItemProxy */;
		};
/* End PBXTargetDependency section */

/* Begin PBXVariantGroup section */
		90FA923420C667EE0096ED9D /* Main.storyboard */ = {
			isa = PBXVariantGroup;
			children = (
				90FA923520C667EE0096ED9D /* Base */,
			);
			name = Main.storyboard;
			sourceTree = "<group>";
		};
		90FA923920C667EE0096ED9D /* LaunchScreen.storyboard */ = {
			isa = PBXVariantGroup;
			children = (
				90FA923A20C667EE0096ED9D /* Base */,
			);
			name = LaunchScreen.storyboard;
			sourceTree = "<group>";
		};
/* End PBXVariantGroup section */

/* Begin XCBuildConfiguration section */
		909365EE20E38223008E4BCA /* Debug */ = {
			isa = XCBuildConfiguration;
			buildSettings = {
				BUNDLE_LOADER = "$(TEST_HOST)";
				CODE_SIGN_STYLE = Automatic;
				INFOPLIST_FILE = "Endo-iOSTests/Info.plist";
				LD_RUNPATH_SEARCH_PATHS = (
					"$(inherited)",
					"@executable_path/Frameworks",
					"@loader_path/Frameworks",
				);
				PRODUCT_BUNDLE_IDENTIFIER = "com.xt.Endo-iOSTests";
				PRODUCT_NAME = "$(TARGET_NAME)";
				TARGETED_DEVICE_FAMILY = "1,2";
				TEST_HOST = "$(BUILT_PRODUCTS_DIR)/Endo-iOS.app/Endo-iOS";
			};
			name = Debug;
		};
		909365EF20E38223008E4BCA /* Release */ = {
			isa = XCBuildConfiguration;
			buildSettings = {
				BUNDLE_LOADER = "$(TEST_HOST)";
				CODE_SIGN_STYLE = Automatic;
				INFOPLIST_FILE = "Endo-iOSTests/Info.plist";
				LD_RUNPATH_SEARCH_PATHS = (
					"$(inherited)",
					"@executable_path/Frameworks",
					"@loader_path/Frameworks",
				);
				PRODUCT_BUNDLE_IDENTIFIER = "com.xt.Endo-iOSTests";
				PRODUCT_NAME = "$(TARGET_NAME)";
				TARGETED_DEVICE_FAMILY = "1,2";
				TEST_HOST = "$(BUILT_PRODUCTS_DIR)/Endo-iOS.app/Endo-iOS";
			};
			name = Release;
		};
		90FA923F20C667EE0096ED9D /* Debug */ = {
			isa = XCBuildConfiguration;
			buildSettings = {
				ALWAYS_SEARCH_USER_PATHS = NO;
				CLANG_ANALYZER_NONNULL = YES;
				CLANG_ANALYZER_NUMBER_OBJECT_CONVERSION = YES_AGGRESSIVE;
				CLANG_CXX_LANGUAGE_STANDARD = "gnu++14";
				CLANG_CXX_LIBRARY = "libc++";
				CLANG_ENABLE_MODULES = YES;
				CLANG_ENABLE_OBJC_ARC = YES;
				CLANG_ENABLE_OBJC_WEAK = YES;
				CLANG_WARN_BLOCK_CAPTURE_AUTORELEASING = YES;
				CLANG_WARN_BOOL_CONVERSION = YES;
				CLANG_WARN_COMMA = YES;
				CLANG_WARN_CONSTANT_CONVERSION = YES;
				CLANG_WARN_DEPRECATED_OBJC_IMPLEMENTATIONS = YES;
				CLANG_WARN_DIRECT_OBJC_ISA_USAGE = YES_ERROR;
				CLANG_WARN_DOCUMENTATION_COMMENTS = YES;
				CLANG_WARN_EMPTY_BODY = YES;
				CLANG_WARN_ENUM_CONVERSION = YES;
				CLANG_WARN_INFINITE_RECURSION = YES;
				CLANG_WARN_INT_CONVERSION = YES;
				CLANG_WARN_NON_LITERAL_NULL_CONVERSION = YES;
				CLANG_WARN_OBJC_IMPLICIT_RETAIN_SELF = YES;
				CLANG_WARN_OBJC_LITERAL_CONVERSION = YES;
				CLANG_WARN_OBJC_ROOT_CLASS = YES_ERROR;
				CLANG_WARN_RANGE_LOOP_ANALYSIS = YES;
				CLANG_WARN_STRICT_PROTOTYPES = YES;
				CLANG_WARN_SUSPICIOUS_MOVE = YES;
				CLANG_WARN_UNGUARDED_AVAILABILITY = YES_AGGRESSIVE;
				CLANG_WARN_UNREACHABLE_CODE = YES;
				CLANG_WARN__DUPLICATE_METHOD_MATCH = YES;
				CODE_SIGN_IDENTITY = "iPhone Developer";
				COPY_PHASE_STRIP = NO;
				DEBUG_INFORMATION_FORMAT = dwarf;
				ENABLE_STRICT_OBJC_MSGSEND = YES;
				ENABLE_TESTABILITY = YES;
				GCC_C_LANGUAGE_STANDARD = gnu11;
				GCC_DYNAMIC_NO_PIC = NO;
				GCC_NO_COMMON_BLOCKS = YES;
				GCC_OPTIMIZATION_LEVEL = 0;
				GCC_PREPROCESSOR_DEFINITIONS = (
					"DEBUG=1",
					"$(inherited)",
				);
				GCC_WARN_64_TO_32_BIT_CONVERSION = YES;
				GCC_WARN_ABOUT_RETURN_TYPE = YES_ERROR;
				GCC_WARN_UNDECLARED_SELECTOR = YES;
				GCC_WARN_UNINITIALIZED_AUTOS = YES_AGGRESSIVE;
				GCC_WARN_UNUSED_FUNCTION = YES;
				GCC_WARN_UNUSED_VARIABLE = YES;
				IPHONEOS_DEPLOYMENT_TARGET = 11.3;
				MTL_ENABLE_DEBUG_INFO = YES;
				ONLY_ACTIVE_ARCH = YES;
				SDKROOT = iphoneos;
			};
			name = Debug;
		};
		90FA924020C667EE0096ED9D /* Release */ = {
			isa = XCBuildConfiguration;
			buildSettings = {
				ALWAYS_SEARCH_USER_PATHS = NO;
				CLANG_ANALYZER_NONNULL = YES;
				CLANG_ANALYZER_NUMBER_OBJECT_CONVERSION = YES_AGGRESSIVE;
				CLANG_CXX_LANGUAGE_STANDARD = "gnu++14";
				CLANG_CXX_LIBRARY = "libc++";
				CLANG_ENABLE_MODULES = YES;
				CLANG_ENABLE_OBJC_ARC = YES;
				CLANG_ENABLE_OBJC_WEAK = YES;
				CLANG_WARN_BLOCK_CAPTURE_AUTORELEASING = YES;
				CLANG_WARN_BOOL_CONVERSION = YES;
				CLANG_WARN_COMMA = YES;
				CLANG_WARN_CONSTANT_CONVERSION = YES;
				CLANG_WARN_DEPRECATED_OBJC_IMPLEMENTATIONS = YES;
				CLANG_WARN_DIRECT_OBJC_ISA_USAGE = YES_ERROR;
				CLANG_WARN_DOCUMENTATION_COMMENTS = YES;
				CLANG_WARN_EMPTY_BODY = YES;
				CLANG_WARN_ENUM_CONVERSION = YES;
				CLANG_WARN_INFINITE_RECURSION = YES;
				CLANG_WARN_INT_CONVERSION = YES;
				CLANG_WARN_NON_LITERAL_NULL_CONVERSION = YES;
				CLANG_WARN_OBJC_IMPLICIT_RETAIN_SELF = YES;
				CLANG_WARN_OBJC_LITERAL_CONVERSION = YES;
				CLANG_WARN_OBJC_ROOT_CLASS = YES_ERROR;
				CLANG_WARN_RANGE_LOOP_ANALYSIS = YES;
				CLANG_WARN_STRICT_PROTOTYPES = YES;
				CLANG_WARN_SUSPICIOUS_MOVE = YES;
				CLANG_WARN_UNGUARDED_AVAILABILITY = YES_AGGRESSIVE;
				CLANG_WARN_UNREACHABLE_CODE = YES;
				CLANG_WARN__DUPLICATE_METHOD_MATCH = YES;
				CODE_SIGN_IDENTITY = "iPhone Developer";
				COPY_PHASE_STRIP = NO;
				DEBUG_INFORMATION_FORMAT = "dwarf-with-dsym";
				ENABLE_NS_ASSERTIONS = NO;
				ENABLE_STRICT_OBJC_MSGSEND = YES;
				GCC_C_LANGUAGE_STANDARD = gnu11;
				GCC_NO_COMMON_BLOCKS = YES;
				GCC_WARN_64_TO_32_BIT_CONVERSION = YES;
				GCC_WARN_ABOUT_RETURN_TYPE = YES_ERROR;
				GCC_WARN_UNDECLARED_SELECTOR = YES;
				GCC_WARN_UNINITIALIZED_AUTOS = YES_AGGRESSIVE;
				GCC_WARN_UNUSED_FUNCTION = YES;
				GCC_WARN_UNUSED_VARIABLE = YES;
				IPHONEOS_DEPLOYMENT_TARGET = 11.3;
				MTL_ENABLE_DEBUG_INFO = NO;
				SDKROOT = iphoneos;
				VALIDATE_PRODUCT = YES;
			};
			name = Release;
		};
		90FA924220C667EE0096ED9D /* Debug */ = {
			isa = XCBuildConfiguration;
			baseConfigurationReference = 4C5DB9959260C5C86CFD1D6B /* Pods-Endo-iOS.debug.xcconfig */;
			buildSettings = {
				ASSETCATALOG_COMPILER_APPICON_NAME = AppIcon;
				CODE_SIGN_STYLE = Automatic;
				DEVELOPMENT_TEAM = 544P5CH38C;
				GCC_PREPROCESSOR_DEFINITIONS = (
					"DEV=1",
					"DEBUG=1",
					"$(inherited)",
				);
				GCC_SYMBOLS_PRIVATE_EXTERN = YES;
				INFOPLIST_FILE = "Endo-iOS/Info.plist";
				IPHONEOS_DEPLOYMENT_TARGET = 9.0;
				LD_RUNPATH_SEARCH_PATHS = (
					"$(inherited)",
					"@executable_path/Frameworks",
				);
				PRODUCT_BUNDLE_IDENTIFIER = "com.xt.Endo-iOS";
				PRODUCT_NAME = "$(TARGET_NAME)";
				TARGETED_DEVICE_FAMILY = "1,2";
			};
			name = Debug;
		};
		90FA924320C667EE0096ED9D /* Release */ = {
			isa = XCBuildConfiguration;
			baseConfigurationReference = AFC0F9E0535ED204D738C45F /* Pods-Endo-iOS.release.xcconfig */;
			buildSettings = {
				ASSETCATALOG_COMPILER_APPICON_NAME = AppIcon;
				CODE_SIGN_STYLE = Automatic;
				DEVELOPMENT_TEAM = 544P5CH38C;
				INFOPLIST_FILE = "Endo-iOS/Info.plist";
				IPHONEOS_DEPLOYMENT_TARGET = 9.0;
				LD_RUNPATH_SEARCH_PATHS = (
					"$(inherited)",
					"@executable_path/Frameworks",
				);
				PRODUCT_BUNDLE_IDENTIFIER = "com.xt.Endo-iOS";
				PRODUCT_NAME = "$(TARGET_NAME)";
				TARGETED_DEVICE_FAMILY = "1,2";
			};
			name = Release;
		};
/* End XCBuildConfiguration section */

/* Begin XCConfigurationList section */
		909365ED20E38223008E4BCA /* Build configuration list for PBXNativeTarget "Endo-iOSTests" */ = {
			isa = XCConfigurationList;
			buildConfigurations = (
				909365EE20E38223008E4BCA /* Debug */,
				909365EF20E38223008E4BCA /* Release */,
			);
			defaultConfigurationIsVisible = 0;
			defaultConfigurationName = Release;
		};
		90FA922620C667EE0096ED9D /* Build configuration list for PBXProject "Endo-iOS" */ = {
			isa = XCConfigurationList;
			buildConfigurations = (
				90FA923F20C667EE0096ED9D /* Debug */,
				90FA924020C667EE0096ED9D /* Release */,
			);
			defaultConfigurationIsVisible = 0;
			defaultConfigurationName = Release;
		};
		90FA924120C667EE0096ED9D /* Build configuration list for PBXNativeTarget "Endo-iOS" */ = {
			isa = XCConfigurationList;
			buildConfigurations = (
				90FA924220C667EE0096ED9D /* Debug */,
				90FA924320C667EE0096ED9D /* Release */,
			);
			defaultConfigurationIsVisible = 0;
			defaultConfigurationName = Release;
		};
/* End XCConfigurationList section */
	};
	rootObject = 90FA922320C667EE0096ED9D /* Project object */;
}
